packages:
- name: std
  version: 0.1.0
  source:
    type: Path
    path: ../std
- name: std.alloc
  version: 0.1.0
  source:
    type: Path
    path: ../std.alloc
- name: std.async
  version: 0.1.0
  source:
    type: Path
    path: ../std.async
- name: std.core
  version: 0.1.0
  source:
    type: Path
    path: ../std.core
- name: std.foundation
  version: 0.1.0
  source:
    type: Path
    path: ../std.foundation
- name: std.io
  version: 0.1.0
  source:
    type: Path
    path: ../std.io
- name: std.platform
  version: 0.1.0
  source:
    type: Path
    path: ../std.platform
- name: std.runtime
  version: 0.1.0
  source:
    type: Path
    path: ../std.runtime
- name: std.security.certs
  version: 0.1.0
  source:
    type: Path
    path: ../std.security.certs
- name: std.security.crypto
  version: 0.1.0
  source:
    type: Path
    path: ../std.security.crypto
- name: std.security.tls
  version: 0.1.0
  source:
    type: Path
    path: ../std.security.tls
- name: std.text
  version: 0.1.0
  source:
    type: Path
    path: ../std.text
