packages:
- name: std
  version: 0.1.0
  source:
    type: Path
    path: /Users/chad/Chicxulub/packages/std
- name: std.alloc
  version: 0.1.0
  source:
    type: Path
    path: /Users/chad/Chicxulub/packages/std.alloc
- name: std.async
  version: 0.1.0
  source:
    type: Path
    path: /Users/chad/Chicxulub/packages/std.async
- name: std.compression
  version: 0.1.0
  source:
    type: Path
    path: /Users/chad/Chicxulub/packages/std.compression
- name: std.core
  version: 0.1.0
  source:
    type: Path
    path: /Users/chad/Chicxulub/packages/std.core
- name: std.foundation
  version: 0.1.0
  source:
    type: Path
    path: /Users/chad/Chicxulub/packages/std.foundation
- name: std.io
  version: 0.1.0
  source:
    type: Path
    path: /Users/chad/Chicxulub/packages/std.io
- name: std.net
  version: 0.1.0
  source:
    type: Path
    path: /Users/chad/Chicxulub/packages/std.net
- name: std.net.http
  version: 0.1.0
  source:
    type: Path
    path: /Users/chad/Chicxulub/packages/std.net.http
- name: std.net.quic
  version: 0.1.0
  source:
    type: Path
    path: /Users/chad/Chicxulub/packages/std.net.quic
- name: std.platform
  version: 0.1.0
  source:
    type: Path
    path: /Users/chad/Chicxulub/packages/std.platform
- name: std.runtime
  version: 0.1.0
  source:
    type: Path
    path: /Users/chad/Chicxulub/packages/std.runtime
- name: std.security.certs
  version: 0.1.0
  source:
    type: Path
    path: /Users/chad/Chicxulub/packages/std.security.certs
- name: std.security.crypto
  version: 0.1.0
  source:
    type: Path
    path: /Users/chad/Chicxulub/packages/std.security.crypto
- name: std.security.tls
  version: 0.1.0
  source:
    type: Path
    path: /Users/chad/Chicxulub/packages/std.security.tls
- name: std.testing
  version: 0.1.0
  source:
    type: Path
    path: /Users/chad/Chicxulub/packages/std.testing
- name: std.text
  version: 0.1.0
  source:
    type: Path
    path: /Users/chad/Chicxulub/packages/std.text
- name: std.text.json
  version: 0.1.0
  source:
    type: Path
    path: /Users/chad/Chicxulub/packages/std.text.json
